
Microsoft Visual Studio Solution File, Format Version 12.00
# Visual Studio Version 17
VisualStudioVersion = 17.9.34728.123
MinimumVisualStudioVersion = 10.0.40219.1
Project("{FAE04EC0-301F-11D3-BF4B-00C04F79EFBC}") = "APSM1_AloMundo", "APSM1_AloMundo\APSM1_AloMundo.csproj", "{A36884AA-F462-4901-939F-3EE28DEC9F1D}"
EndProject
Global
	GlobalSection(SolutionConfigurationPlatforms) = preSolution
		Debug|Any CPU = Debug|Any CPU
		Release|Any CPU = Release|Any CPU
	EndGlobalSection
	GlobalSection(ProjectConfigurationPlatforms) = postSolution
		{A36884AA-F462-4901-939F-3EE28DEC9F1D}.Debug|Any CPU.ActiveCfg = Debug|Any CPU
		{A36884AA-F462-4901-939F-3EE28DEC9F1D}.Debug|Any CPU.Build.0 = Debug|Any CPU
		{A36884AA-F462-4901-939F-3EE28DEC9F1D}.Release|Any CPU.ActiveCfg = Release|Any CPU
		{A36884AA-F462-4901-939F-3EE28DEC9F1D}.Release|Any CPU.Build.0 = Release|Any CPU
	EndGlobalSection
	GlobalSection(SolutionProperties) = preSolution
		HideSolutionNode = FALSE
	EndGlobalSection
	GlobalSection(ExtensibilityGlobals) = postSolution
		SolutionGuid = {F8615BEC-5CEC-42B4-BD24-9E7D79BEF1ED}
	EndGlobalSection
EndGlobal
